// !$*UTF8*$!
{
	archiveVersion = 1;
	classes = {
	};
	objectVersion = 50;
	objects = {

/* Begin PBXBuildFile section */
		040021D32298002800CBF91C /* DCSwipCell.m in Sources */ = {isa = PBXBuildFile; fileRef = 040021CF2298002800CBF91C /* DCSwipCell.m */; };
		040021D42298002800CBF91C /* DCSegmentView.m in Sources */ = {isa = PBXBuildFile; fileRef = 040021D02298002800CBF91C /* DCSegmentView.m */; };
		0400FE232271457700C42B01 /* AppDelegate.m in Sources */ = {isa = PBXBuildFile; fileRef = 0400FE222271457700C42B01 /* AppDelegate.m */; };
		0400FE262271457700C42B01 /* ViewController.m in Sources */ = {isa = PBXBuildFile; fileRef = 0400FE252271457700C42B01 /* ViewController.m */; };
		0400FE292271457700C42B01 /* Main.storyboard in Resources */ = {isa = PBXBuildFile; fileRef = 0400FE272271457700C42B01 /* Main.storyboard */; };
		0400FE2B2271457800C42B01 /* Assets.xcassets in Resources */ = {isa = PBXBuildFile; fileRef = 0400FE2A2271457800C42B01 /* Assets.xcassets */; };
		0400FE2E2271457800C42B01 /* LaunchScreen.storyboard in Resources */ = {isa = PBXBuildFile; fileRef = 0400FE2C2271457800C42B01 /* LaunchScreen.storyboard */; };
		0400FE312271457800C42B01 /* main.m in Sources */ = {isa = PBXBuildFile; fileRef = 0400FE302271457800C42B01 /* main.m */; };
		0406CB49229B7ABE00DAB0B7 /* TestCollectionViewCell.m in Sources */ = {isa = PBXBuildFile; fileRef = 0406CB48229B7ABE00DAB0B7 /* TestCollectionViewCell.m */; };
		797F72067D798C9213D7510D /* libPods-SwipTableView.a in Frameworks */ = {isa = PBXBuildFile; fileRef = EB190BB60BD5D10F669A4C15 /* libPods-SwipTableView.a */; };
/* End PBXBuildFile section */

/* Begin PBXFileReference section */
		040021CF2298002800CBF91C /* DCSwipCell.m */ = {isa = PBXFileReference; fileEncoding = 4; lastKnownFileType = sourcecode.c.objc; path = DCSwipCell.m; sourceTree = "<group>"; };
		040021D02298002800CBF91C /* DCSegmentView.m */ = {isa = PBXFileReference; fileEncoding = 4; lastKnownFileType = sourcecode.c.objc; path = DCSegmentView.m; sourceTree = "<group>"; };
		040021D12298002800CBF91C /* DCSwipCell.h */ = {isa = PBXFileReference; fileEncoding = 4; lastKnownFileType = sourcecode.c.h; path = DCSwipCell.h; sourceTree = "<group>"; };
		040021D22298002800CBF91C /* DCSegmentView.h */ = {isa = PBXFileReference; fileEncoding = 4; lastKnownFileType = sourcecode.c.h; path = DCSegmentView.h; sourceTree = "<group>"; };
		0400FE1E2271457700C42B01 /* SwipTableView.app */ = {isa = PBXFileReference; explicitFileType = wrapper.application; includeInIndex = 0; path = SwipTableView.app; sourceTree = BUILT_PRODUCTS_DIR; };
		0400FE212271457700C42B01 /* AppDelegate.h */ = {isa = PBXFileReference; lastKnownFileType = sourcecode.c.h; path = AppDelegate.h; sourceTree = "<group>"; };
		0400FE222271457700C42B01 /* AppDelegate.m */ = {isa = PBXFileReference; lastKnownFileType = sourcecode.c.objc; path = AppDelegate.m; sourceTree = "<group>"; };
		0400FE242271457700C42B01 /* ViewController.h */ = {isa = PBXFileReference; lastKnownFileType = sourcecode.c.h; path = ViewController.h; sourceTree = "<group>"; };
		0400FE252271457700C42B01 /* ViewController.m */ = {isa = PBXFileReference; lastKnownFileType = sourcecode.c.objc; path = ViewController.m; sourceTree = "<group>"; };
		0400FE282271457700C42B01 /* Base */ = {isa = PBXFileReference; lastKnownFileType = file.storyboard; name = Base; path = Base.lproj/Main.storyboard; sourceTree = "<group>"; };
		0400FE2A2271457800C42B01 /* Assets.xcassets */ = {isa = PBXFileReference; lastKnownFileType = folder.assetcatalog; path = Assets.xcassets; sourceTree = "<group>"; };
		0400FE2D2271457800C42B01 /* Base */ = {isa = PBXFileReference; lastKnownFileType = file.storyboard; name = Base; path = Base.lproj/LaunchScreen.storyboard; sourceTree = "<group>"; };
		0400FE2F2271457800C42B01 /* Info.plist */ = {isa = PBXFileReference; lastKnownFileType = text.plist.xml; path = Info.plist; sourceTree = "<group>"; };
		0400FE302271457800C42B01 /* main.m */ = {isa = PBXFileReference; lastKnownFileType = sourcecode.c.objc; path = main.m; sourceTree = "<group>"; };
		0406CB47229B7ABE00DAB0B7 /* TestCollectionViewCell.h */ = {isa = PBXFileReference; lastKnownFileType = sourcecode.c.h; path = TestCollectionViewCell.h; sourceTree = "<group>"; };
		0406CB48229B7ABE00DAB0B7 /* TestCollectionViewCell.m */ = {isa = PBXFileReference; lastKnownFileType = sourcecode.c.objc; path = TestCollectionViewCell.m; sourceTree = "<group>"; };
		2BD27DED7D367A1C150D4AC2 /* Pods-SwipTableView.debug.xcconfig */ = {isa = PBXFileReference; includeInIndex = 1; lastKnownFileType = text.xcconfig; name = "Pods-SwipTableView.debug.xcconfig"; path = "Pods/Target Support Files/Pods-SwipTableView/Pods-SwipTableView.debug.xcconfig"; sourceTree = "<group>"; };
		EB190BB60BD5D10F669A4C15 /* libPods-SwipTableView.a */ = {isa = PBXFileReference; explicitFileType = archive.ar; includeInIndex = 0; path = "libPods-SwipTableView.a"; sourceTree = BUILT_PRODUCTS_DIR; };
		FFE2574A7BD3AFF449A1CB16 /* Pods-SwipTableView.release.xcconfig */ = {isa = PBXFileReference; includeInIndex = 1; lastKnownFileType = text.xcconfig; name = "Pods-SwipTableView.release.xcconfig"; path = "Pods/Target Support Files/Pods-SwipTableView/Pods-SwipTableView.release.xcconfig"; sourceTree = "<group>"; };
/* End PBXFileReference section */

/* Begin PBXFrameworksBuildPhase section */
		0400FE1B2271457700C42B01 /* Frameworks */ = {
			isa = PBXFrameworksBuildPhase;
			buildActionMask = 2147483647;
			files = (
				797F72067D798C9213D7510D /* libPods-SwipTableView.a in Frameworks */,
			);
			runOnlyForDeploymentPostprocessing = 0;
		};
/* End PBXFrameworksBuildPhase section */

/* Begin PBXGroup section */
		040021CE2298002800CBF91C /* DCSwipCell */ = {
			isa = PBXGroup;
			children = (
				040021D12298002800CBF91C /* DCSwipCell.h */,
				040021CF2298002800CBF91C /* DCSwipCell.m */,
				040021D22298002800CBF91C /* DCSegmentView.h */,
				040021D02298002800CBF91C /* DCSegmentView.m */,
			);
			path = DCSwipCell;
			sourceTree = "<group>";
		};
		0400FE152271457700C42B01 = {
			isa = PBXGroup;
			children = (
				0400FE202271457700C42B01 /* SwipTableView */,
				0400FE1F2271457700C42B01 /* Products */,
				7BEC45364C647A84761DDD93 /* Pods */,
				A82471B308653F8EAEF56B64 /* Frameworks */,
			);
			sourceTree = "<group>";
		};
		0400FE1F2271457700C42B01 /* Products */ = {
			isa = PBXGroup;
			children = (
				0400FE1E2271457700C42B01 /* SwipTableView.app */,
			);
			name = Products;
			sourceTree = "<group>";
		};
		0400FE202271457700C42B01 /* SwipTableView */ = {
			isa = PBXGroup;
			children = (
				040021CE2298002800CBF91C /* DCSwipCell */,
				0400FE212271457700C42B01 /* AppDelegate.h */,
				0400FE222271457700C42B01 /* AppDelegate.m */,
				0400FE242271457700C42B01 /* ViewController.h */,
				0400FE252271457700C42B01 /* ViewController.m */,
				0406CB47229B7ABE00DAB0B7 /* TestCollectionViewCell.h */,
				0406CB48229B7ABE00DAB0B7 /* TestCollectionViewCell.m */,
				0400FE272271457700C42B01 /* Main.storyboard */,
				0400FE2A2271457800C42B01 /* Assets.xcassets */,
				0400FE2C2271457800C42B01 /* LaunchScreen.storyboard */,
				0400FE2F2271457800C42B01 /* Info.plist */,
				0400FE302271457800C42B01 /* main.m */,
			);
			path = SwipTableView;
			sourceTree = "<group>";
		};
		7BEC45364C647A84761DDD93 /* Pods */ = {
			isa = PBXGroup;
			children = (
				2BD27DED7D367A1C150D4AC2 /* Pods-SwipTableView.debug.xcconfig */,
				FFE2574A7BD3AFF449A1CB16 /* Pods-SwipTableView.release.xcconfig */,
			);
			name = Pods;
			sourceTree = "<group>";
		};
		A82471B308653F8EAEF56B64 /* Frameworks */ = {
			isa = PBXGroup;
			children = (
				EB190BB60BD5D10F669A4C15 /* libPods-SwipTableView.a */,
			);
			name = Frameworks;
			sourceTree = "<group>";
		};
/* End PBXGroup section */

/* Begin PBXNativeTarget section */
		0400FE1D2271457700C42B01 /* SwipTableView */ = {
			isa = PBXNativeTarget;
			buildConfigurationList = 0400FE342271457800C42B01 /* Build configuration list for PBXNativeTarget "SwipTableView" */;
			buildPhases = (
				BE4FA307CAEF5E26A9E0A6BD /* [CP] Check Pods Manifest.lock */,
				0400FE1A2271457700C42B01 /* Sources */,
				0400FE1B2271457700C42B01 /* Frameworks */,
				0400FE1C2271457700C42B01 /* Resources */,
			);
			buildRules = (
			);
			dependencies = (
			);
			name = SwipTableView;
			productName = SwipTableView;
			productReference = 0400FE1E2271457700C42B01 /* SwipTableView.app */;
			productType = "com.apple.product-type.application";
		};
/* End PBXNativeTarget section */

/* Begin PBXProject section */
		0400FE162271457700C42B01 /* Project object */ = {
			isa = PBXProject;
			attributes = {
				LastUpgradeCheck = 1010;
				ORGANIZATIONNAME = xzm;
				TargetAttributes = {
					0400FE1D2271457700C42B01 = {
						CreatedOnToolsVersion = 10.1;
					};
				};
			};
			buildConfigurationList = 0400FE192271457700C42B01 /* Build configuration list for PBXProject "SwipTableView" */;
			compatibilityVersion = "Xcode 9.3";
			developmentRegion = en;
			hasScannedForEncodings = 0;
			knownRegions = (
				en,
				Base,
			);
			mainGroup = 0400FE152271457700C42B01;
			productRefGroup = 0400FE1F2271457700C42B01 /* Products */;
			projectDirPath = "";
			projectRoot = "";
			targets = (
				0400FE1D2271457700C42B01 /* SwipTableView */,
			);
		};
/* End PBXProject section */

/* Begin PBXResourcesBuildPhase section */
		0400FE1C2271457700C42B01 /* Resources */ = {
			isa = PBXResourcesBuildPhase;
			buildActionMask = 2147483647;
			files = (
				0400FE2E2271457800C42B01 /* LaunchScreen.storyboard in Resources */,
				0400FE2B2271457800C42B01 /* Assets.xcassets in Resources */,
				0400FE292271457700C42B01 /* Main.storyboard in Resources */,
			);
			runOnlyForDeploymentPostprocessing = 0;
		};
/* End PBXResourcesBuildPhase section */

/* Begin PBXShellScriptBuildPhase section */
		BE4FA307CAEF5E26A9E0A6BD /* [CP] Check Pods Manifest.lock */ = {
			isa = PBXShellScriptBuildPhase;
			buildActionMask = 2147483647;
			files = (
			);
			inputPaths = (
				"${PODS_PODFILE_DIR_PATH}/Podfile.lock",
				"${PODS_ROOT}/Manifest.lock",
			);
			name = "[CP] Check Pods Manifest.lock";
			outputPaths = (
				"$(DERIVED_FILE_DIR)/Pods-SwipTableView-checkManifestLockResult.txt",
			);
			runOnlyForDeploymentPostprocessing = 0;
			shellPath = /bin/sh;
			shellScript = "diff \"${PODS_PODFILE_DIR_PATH}/Podfile.lock\" \"${PODS_ROOT}/Manifest.lock\" > /dev/null\nif [ $? != 0 ] ; then\n    # print error to STDERR\n    echo \"error: The sandbox is not in sync with the Podfile.lock. Run 'pod install' or update your CocoaPods installation.\" >&2\n    exit 1\nfi\n# This output is used by Xcode 'outputs' to avoid re-running this script phase.\necho \"SUCCESS\" > \"${SCRIPT_OUTPUT_FILE_0}\"\n";
			showEnvVarsInLog = 0;
		};
/* End PBXShellScriptBuildPhase section */

/* Begin PBXSourcesBuildPhase section */
		0400FE1A2271457700C42B01 /* Sources */ = {
			isa = PBXSourcesBuildPhase;
			buildActionMask = 2147483647;
			files = (
				0400FE262271457700C42B01 /* ViewController.m in Sources */,
				040021D32298002800CBF91C /* DCSwipCell.m in Sources */,
				0400FE312271457800C42B01 /* main.m in Sources */,
				0400FE232271457700C42B01 /* AppDelegate.m in Sources */,
				040021D42298002800CBF91C /* DCSegmentView.m in Sources */,
				0406CB49229B7ABE00DAB0B7 /* TestCollectionViewCell.m in Sources */,
			);
			runOnlyForDeploymentPostprocessing = 0;
		};
/* End PBXSourcesBuildPhase section */

/* Begin PBXVariantGroup section */
		0400FE272271457700C42B01 /* Main.storyboard */ = {
			isa = PBXVariantGroup;
			children = (
				0400FE282271457700C42B01 /* Base */,
			);
			name = Main.storyboard;
			sourceTree = "<group>";
		};
		0400FE2C2271457800C42B01 /* LaunchScreen.storyboard */ = {
			isa = PBXVariantGroup;
			children = (
				0400FE2D2271457800C42B01 /* Base */,
			);
			name = LaunchScreen.storyboard;
			sourceTree = "<group>";
		};
/* End PBXVariantGroup section */

/* Begin XCBuildConfiguration section */
		0400FE322271457800C42B01 /* Debug */ = {
			isa = XCBuildConfiguration;
			buildSettings = {
				ALWAYS_SEARCH_USER_PATHS = NO;
				CLANG_ANALYZER_NONNULL = YES;
				CLANG_ANALYZER_NUMBER_OBJECT_CONVERSION = YES_AGGRESSIVE;
				CLANG_CXX_LANGUAGE_STANDARD = "gnu++14";
				CLANG_CXX_LIBRARY = "libc++";
				CLANG_ENABLE_MODULES = YES;
				CLANG_ENABLE_OBJC_ARC = YES;
				CLANG_ENABLE_OBJC_WEAK = YES;
				CLANG_WARN_BLOCK_CAPTURE_AUTORELEASING = YES;
				CLANG_WARN_BOOL_CONVERSION = YES;
				CLANG_WARN_COMMA = YES;
				CLANG_WARN_CONSTANT_CONVERSION = YES;
				CLANG_WARN_DEPRECATED_OBJC_IMPLEMENTATIONS = YES;
				CLANG_WARN_DIRECT_OBJC_ISA_USAGE = YES_ERROR;
				CLANG_WARN_DOCUMENTATION_COMMENTS = YES;
				CLANG_WARN_EMPTY_BODY = YES;
				CLANG_WARN_ENUM_CONVERSION = YES;
				CLANG_WARN_INFINITE_RECURSION = YES;
				CLANG_WARN_INT_CONVERSION = YES;
				CLANG_WARN_NON_LITERAL_NULL_CONVERSION = YES;
				CLANG_WARN_OBJC_IMPLICIT_RETAIN_SELF = YES;
				CLANG_WARN_OBJC_LITERAL_CONVERSION = YES;
				CLANG_WARN_OBJC_ROOT_CLASS = YES_ERROR;
				CLANG_WARN_RANGE_LOOP_ANALYSIS = YES;
				CLANG_WARN_STRICT_PROTOTYPES = YES;
				CLANG_WARN_SUSPICIOUS_MOVE = YES;
				CLANG_WARN_UNGUARDED_AVAILABILITY = YES_AGGRESSIVE;
				CLANG_WARN_UNREACHABLE_CODE = YES;
				CLANG_WARN__DUPLICATE_METHOD_MATCH = YES;
				CODE_SIGN_IDENTITY = "iPhone Developer";
				COPY_PHASE_STRIP = NO;
				DEBUG_INFORMATION_FORMAT = dwarf;
				ENABLE_STRICT_OBJC_MSGSEND = YES;
				ENABLE_TESTABILITY = YES;
				GCC_C_LANGUAGE_STANDARD = gnu11;
				GCC_DYNAMIC_NO_PIC = NO;
				GCC_NO_COMMON_BLOCKS = YES;
				GCC_OPTIMIZATION_LEVEL = 0;
				GCC_PREPROCESSOR_DEFINITIONS = (
					"DEBUG=1",
					"$(inherited)",
				);
				GCC_WARN_64_TO_32_BIT_CONVERSION = YES;
				GCC_WARN_ABOUT_RETURN_TYPE = YES_ERROR;
				GCC_WARN_UNDECLARED_SELECTOR = YES;
				GCC_WARN_UNINITIALIZED_AUTOS = YES_AGGRESSIVE;
				GCC_WARN_UNUSED_FUNCTION = YES;
				GCC_WARN_UNUSED_VARIABLE = YES;
				IPHONEOS_DEPLOYMENT_TARGET = 12.1;
				MTL_ENABLE_DEBUG_INFO = INCLUDE_SOURCE;
				MTL_FAST_MATH = YES;
				ONLY_ACTIVE_ARCH = YES;
				SDKROOT = iphoneos;
			};
			name = Debug;
		};
		0400FE332271457800C42B01 /* Release */ = {
			isa = XCBuildConfiguration;
			buildSettings = {
				ALWAYS_SEARCH_USER_PATHS = NO;
				CLANG_ANALYZER_NONNULL = YES;
				CLANG_ANALYZER_NUMBER_OBJECT_CONVERSION = YES_AGGRESSIVE;
				CLANG_CXX_LANGUAGE_STANDARD = "gnu++14";
				CLANG_CXX_LIBRARY = "libc++";
				CLANG_ENABLE_MODULES = YES;
				CLANG_ENABLE_OBJC_ARC = YES;
				CLANG_ENABLE_OBJC_WEAK = YES;
				CLANG_WARN_BLOCK_CAPTURE_AUTORELEASING = YES;
				CLANG_WARN_BOOL_CONVERSION = YES;
				CLANG_WARN_COMMA = YES;
				CLANG_WARN_CONSTANT_CONVERSION = YES;
				CLANG_WARN_DEPRECATED_OBJC_IMPLEMENTATIONS = YES;
				CLANG_WARN_DIRECT_OBJC_ISA_USAGE = YES_ERROR;
				CLANG_WARN_DOCUMENTATION_COMMENTS = YES;
				CLANG_WARN_EMPTY_BODY = YES;
				CLANG_WARN_ENUM_CONVERSION = YES;
				CLANG_WARN_INFINITE_RECURSION = YES;
				CLANG_WARN_INT_CONVERSION = YES;
				CLANG_WARN_NON_LITERAL_NULL_CONVERSION = YES;
				CLANG_WARN_OBJC_IMPLICIT_RETAIN_SELF = YES;
				CLANG_WARN_OBJC_LITERAL_CONVERSION = YES;
				CLANG_WARN_OBJC_ROOT_CLASS = YES_ERROR;
				CLANG_WARN_RANGE_LOOP_ANALYSIS = YES;
				CLANG_WARN_STRICT_PROTOTYPES = YES;
				CLANG_WARN_SUSPICIOUS_MOVE = YES;
				CLANG_WARN_UNGUARDED_AVAILABILITY = YES_AGGRESSIVE;
				CLANG_WARN_UNREACHABLE_CODE = YES;
				CLANG_WARN__DUPLICATE_METHOD_MATCH = YES;
				CODE_SIGN_IDENTITY = "iPhone Developer";
				COPY_PHASE_STRIP = NO;
				DEBUG_INFORMATION_FORMAT = "dwarf-with-dsym";
				ENABLE_NS_ASSERTIONS = NO;
				ENABLE_STRICT_OBJC_MSGSEND = YES;
				GCC_C_LANGUAGE_STANDARD = gnu11;
				GCC_NO_COMMON_BLOCKS = YES;
				GCC_WARN_64_TO_32_BIT_CONVERSION = YES;
				GCC_WARN_ABOUT_RETURN_TYPE = YES_ERROR;
				GCC_WARN_UNDECLARED_SELECTOR = YES;
				GCC_WARN_UNINITIALIZED_AUTOS = YES_AGGRESSIVE;
				GCC_WARN_UNUSED_FUNCTION = YES;
				GCC_WARN_UNUSED_VARIABLE = YES;
				IPHONEOS_DEPLOYMENT_TARGET = 12.1;
				MTL_ENABLE_DEBUG_INFO = NO;
				MTL_FAST_MATH = YES;
				SDKROOT = iphoneos;
				VALIDATE_PRODUCT = YES;
			};
			name = Release;
		};
		0400FE352271457800C42B01 /* Debug */ = {
			isa = XCBuildConfiguration;
			baseConfigurationReference = 2BD27DED7D367A1C150D4AC2 /* Pods-SwipTableView.debug.xcconfig */;
			buildSettings = {
				ASSETCATALOG_COMPILER_APPICON_NAME = AppIcon;
				CODE_SIGN_STYLE = Automatic;
				DEVELOPMENT_TEAM = 58AX2C9KK3;
				INFOPLIST_FILE = SwipTableView/Info.plist;
				IPHONEOS_DEPLOYMENT_TARGET = 9.0;
				LD_RUNPATH_SEARCH_PATHS = (
					"$(inherited)",
					"@executable_path/Frameworks",
				);
				PRODUCT_BUNDLE_IDENTIFIER = com.xzm.SwipTableView;
				PRODUCT_NAME = "$(TARGET_NAME)";
				TARGETED_DEVICE_FAMILY = "1,2";
			};
			name = Debug;
		};
		0400FE362271457800C42B01 /* Release */ = {
			isa = XCBuildConfiguration;
			baseConfigurationReference = FFE2574A7BD3AFF449A1CB16 /* Pods-SwipTableView.release.xcconfig */;
			buildSettings = {
				ASSETCATALOG_COMPILER_APPICON_NAME = AppIcon;
				CODE_SIGN_STYLE = Automatic;
				DEVELOPMENT_TEAM = 58AX2C9KK3;
				INFOPLIST_FILE = SwipTableView/Info.plist;
				IPHONEOS_DEPLOYMENT_TARGET = 9.0;
				LD_RUNPATH_SEARCH_PATHS = (
					"$(inherited)",
					"@executable_path/Frameworks",
				);
				PRODUCT_BUNDLE_IDENTIFIER = com.xzm.SwipTableView;
				PRODUCT_NAME = "$(TARGET_NAME)";
				TARGETED_DEVICE_FAMILY = "1,2";
			};
			name = Release;
		};
/* End XCBuildConfiguration section */

/* Begin XCConfigurationList section */
		0400FE192271457700C42B01 /* Build configuration list for PBXProject "SwipTableView" */ = {
			isa = XCConfigurationList;
			buildConfigurations = (
				0400FE322271457800C42B01 /* Debug */,
				0400FE332271457800C42B01 /* Release */,
			);
			defaultConfigurationIsVisible = 0;
			defaultConfigurationName = Release;
		};
		0400FE342271457800C42B01 /* Build configuration list for PBXNativeTarget "SwipTableView" */ = {
			isa = XCConfigurationList;
			buildConfigurations = (
				0400FE352271457800C42B01 /* Debug */,
				0400FE362271457800C42B01 /* Release */,
			);
			defaultConfigurationIsVisible = 0;
			defaultConfigurationName = Release;
		};
/* End XCConfigurationList section */
	};
	rootObject = 0400FE162271457700C42B01 /* Project object */;
}
